
Microsoft Visual Studio Solution File, Format Version 12.00
# Visual Studio Version 17
VisualStudioVersion = 17.8.34511.84
MinimumVisualStudioVersion = 10.0.40219.1
Project("{FAE04EC0-301F-11D3-BF4B-00C04F79EFBC}") = "Utils", "Utils\Utils.csproj", "{B985E649-868A-4F36-A911-1B2F61211C82}"
EndProject
Global
	GlobalSection(SolutionConfigurationPlatforms) = preSolution
		Debug|Any CPU = Debug|Any CPU
		Release|Any CPU = Release|Any CPU
	EndGlobalSection
	GlobalSection(ProjectConfigurationPlatforms) = postSolution
		{B985E649-868A-4F36-A911-1B2F61211C82}.Debug|Any CPU.ActiveCfg = Debug|Any CPU
		{B985E649-868A-4F36-A911-1B2F61211C82}.Debug|Any CPU.Build.0 = Debug|Any CPU
		{B985E649-868A-4F36-A911-1B2F61211C82}.Release|Any CPU.ActiveCfg = Release|Any CPU
		{B985E649-868A-4F36-A911-1B2F61211C82}.Release|Any CPU.Build.0 = Release|Any CPU
	EndGlobalSection
	GlobalSection(SolutionProperties) = preSolution
		HideSolutionNode = FALSE
	EndGlobalSection
	GlobalSection(ExtensibilityGlobals) = postSolution
		SolutionGuid = {D7AB52AB-1118-4085-B2C0-7CA3CC72EB76}
	EndGlobalSection
EndGlobal
